
Microsoft Visual Studio Solution File, Format Version 12.00
# Visual Studio Version 16
VisualStudioVersion = 16.0.31019.35
MinimumVisualStudioVersion = 10.0.40219.1
Project("{9A19103F-16F7-4668-BE54-9A1E7A4F7556}") = "SRP", "SRP\SRP.csproj", "{0B9072ED-37FC-473D-B87E-F0210FD66A3A}"
EndProject
Project("{9A19103F-16F7-4668-BE54-9A1E7A4F7556}") = "SRP-main", "SRP-main\SRP-main.csproj", "{9C55EE57-655E-4E20-8F16-35FD35C79FD3}"
EndProject
Project("{9A19103F-16F7-4668-BE54-9A1E7A4F7556}") = "OCP_ConsoleUI", "OCP_ConsoleUI\OCP_ConsoleUI.csproj", "{75E98420-CB35-4FCC-B086-4297A0219E85}"
EndProject
Project("{9A19103F-16F7-4668-BE54-9A1E7A4F7556}") = "OCP_Library", "OCP_Library\OCP_Library.csproj", "{1B185818-9938-478D-82A0-CCAF1676CFC4}"
EndProject
Project("{9A19103F-16F7-4668-BE54-9A1E7A4F7556}") = "DIP_ConsoleUI", "DIP_ConsoleUI\DIP_ConsoleUI.csproj", "{B777355D-EF0C-4026-9A1C-AE1FBCF28983}"
EndProject
Project("{FAE04EC0-301F-11D3-BF4B-00C04F79EFBC}") = "LSP", "LSP\LSP.csproj", "{DC572F05-C434-484B-AA60-DDF17E6A02AB}"
EndProject
Project("{FAE04EC0-301F-11D3-BF4B-00C04F79EFBC}") = "ISP", "ISP\ISP.csproj", "{03CD7B3B-E3B2-4134-9463-35CA9BD44CC8}"
EndProject
Global
	GlobalSection(SolutionConfigurationPlatforms) = preSolution
		Debug|Any CPU = Debug|Any CPU
		Release|Any CPU = Release|Any CPU
	EndGlobalSection
	GlobalSection(ProjectConfigurationPlatforms) = postSolution
		{0B9072ED-37FC-473D-B87E-F0210FD66A3A}.Debug|Any CPU.ActiveCfg = Debug|Any CPU
		{0B9072ED-37FC-473D-B87E-F0210FD66A3A}.Debug|Any CPU.Build.0 = Debug|Any CPU
		{0B9072ED-37FC-473D-B87E-F0210FD66A3A}.Release|Any CPU.ActiveCfg = Release|Any CPU
		{0B9072ED-37FC-473D-B87E-F0210FD66A3A}.Release|Any CPU.Build.0 = Release|Any CPU
		{9C55EE57-655E-4E20-8F16-35FD35C79FD3}.Debug|Any CPU.ActiveCfg = Debug|Any CPU
		{9C55EE57-655E-4E20-8F16-35FD35C79FD3}.Debug|Any CPU.Build.0 = Debug|Any CPU
		{9C55EE57-655E-4E20-8F16-35FD35C79FD3}.Release|Any CPU.ActiveCfg = Release|Any CPU
		{9C55EE57-655E-4E20-8F16-35FD35C79FD3}.Release|Any CPU.Build.0 = Release|Any CPU
		{75E98420-CB35-4FCC-B086-4297A0219E85}.Debug|Any CPU.ActiveCfg = Debug|Any CPU
		{75E98420-CB35-4FCC-B086-4297A0219E85}.Debug|Any CPU.Build.0 = Debug|Any CPU
		{75E98420-CB35-4FCC-B086-4297A0219E85}.Release|Any CPU.ActiveCfg = Release|Any CPU
		{75E98420-CB35-4FCC-B086-4297A0219E85}.Release|Any CPU.Build.0 = Release|Any CPU
		{1B185818-9938-478D-82A0-CCAF1676CFC4}.Debug|Any CPU.ActiveCfg = Debug|Any CPU
		{1B185818-9938-478D-82A0-CCAF1676CFC4}.Debug|Any CPU.Build.0 = Debug|Any CPU
		{1B185818-9938-478D-82A0-CCAF1676CFC4}.Release|Any CPU.ActiveCfg = Release|Any CPU
		{1B185818-9938-478D-82A0-CCAF1676CFC4}.Release|Any CPU.Build.0 = Release|Any CPU
		{B777355D-EF0C-4026-9A1C-AE1FBCF28983}.Debug|Any CPU.ActiveCfg = Debug|Any CPU
		{B777355D-EF0C-4026-9A1C-AE1FBCF28983}.Debug|Any CPU.Build.0 = Debug|Any CPU
		{B777355D-EF0C-4026-9A1C-AE1FBCF28983}.Release|Any CPU.ActiveCfg = Release|Any CPU
		{B777355D-EF0C-4026-9A1C-AE1FBCF28983}.Release|Any CPU.Build.0 = Release|Any CPU
		{DC572F05-C434-484B-AA60-DDF17E6A02AB}.Debug|Any CPU.ActiveCfg = Debug|Any CPU
		{DC572F05-C434-484B-AA60-DDF17E6A02AB}.Debug|Any CPU.Build.0 = Debug|Any CPU
		{DC572F05-C434-484B-AA60-DDF17E6A02AB}.Release|Any CPU.ActiveCfg = Release|Any CPU
		{DC572F05-C434-484B-AA60-DDF17E6A02AB}.Release|Any CPU.Build.0 = Release|Any CPU
		{03CD7B3B-E3B2-4134-9463-35CA9BD44CC8}.Debug|Any CPU.ActiveCfg = Debug|Any CPU
		{03CD7B3B-E3B2-4134-9463-35CA9BD44CC8}.Debug|Any CPU.Build.0 = Debug|Any CPU
		{03CD7B3B-E3B2-4134-9463-35CA9BD44CC8}.Release|Any CPU.ActiveCfg = Release|Any CPU
		{03CD7B3B-E3B2-4134-9463-35CA9BD44CC8}.Release|Any CPU.Build.0 = Release|Any CPU
	EndGlobalSection
	GlobalSection(SolutionProperties) = preSolution
		HideSolutionNode = FALSE
	EndGlobalSection
	GlobalSection(ExtensibilityGlobals) = postSolution
		SolutionGuid = {7D0842F9-F55C-4EE7-8731-C23B7CF72BA0}
	EndGlobalSection
EndGlobal
